{
  "name": "3d-album-view",
  "version": "1.0.0",
  "lockfileVersion": 3,
  "requires": true,
  "packages": {
    "": {
      "name": "3d-album-view",
      "version": "1.0.0",
      "license": "ISC",
      "devDependencies": {
        "@types/three": "~0.129.0"
      }
    },
    "node_modules/@types/three": {
      "version": "0.129.2",
      "resolved": "https://registry.npmjs.org/@types/three/-/three-0.129.2.tgz",
      "integrity": "sha512-fZDNRtUFnq3baNjDiAzi4QoHYcczWtEdsduH/tpiwk91fbVk8COJiT/iLoN3tIOjLKMySoYsjUfP0VTmUfZKLw==",
      "dev": true,
      "license": "MIT"
    }
  }
}
